
Microsoft Visual Studio Solution File, Format Version 12.00
Project("{FAE04EC0-301F-11D3-BF4B-00C04F79EFBC}") = "Lab3", "Lab3\Lab3.csproj", "{B5E0954F-5C74-473F-BE3C-65C413ED502D}"
EndProject
Project("{FAE04EC0-301F-11D3-BF4B-00C04F79EFBC}") = "Console", "Console\Console.csproj", "{775FDACE-EFBA-4DA0-A3B5-FB0C4E54C9D2}"
EndProject
Global
	GlobalSection(SolutionConfigurationPlatforms) = preSolution
		Debug|Any CPU = Debug|Any CPU
		Release|Any CPU = Release|Any CPU
	EndGlobalSection
	GlobalSection(ProjectConfigurationPlatforms) = postSolution
		{B5E0954F-5C74-473F-BE3C-65C413ED502D}.Debug|Any CPU.ActiveCfg = Debug|Any CPU
		{B5E0954F-5C74-473F-BE3C-65C413ED502D}.Debug|Any CPU.Build.0 = Debug|Any CPU
		{B5E0954F-5C74-473F-BE3C-65C413ED502D}.Release|Any CPU.ActiveCfg = Release|Any CPU
		{B5E0954F-5C74-473F-BE3C-65C413ED502D}.Release|Any CPU.Build.0 = Release|Any CPU
		{775FDACE-EFBA-4DA0-A3B5-FB0C4E54C9D2}.Debug|Any CPU.ActiveCfg = Debug|Any CPU
		{775FDACE-EFBA-4DA0-A3B5-FB0C4E54C9D2}.Debug|Any CPU.Build.0 = Debug|Any CPU
		{775FDACE-EFBA-4DA0-A3B5-FB0C4E54C9D2}.Release|Any CPU.ActiveCfg = Release|Any CPU
		{775FDACE-EFBA-4DA0-A3B5-FB0C4E54C9D2}.Release|Any CPU.Build.0 = Release|Any CPU
	EndGlobalSection
EndGlobal
